
Microsoft Visual Studio Solution File, Format Version 12.00
# Visual Studio Version 17
VisualStudioVersion = 17.2.32516.85
MinimumVisualStudioVersion = 10.0.40219.1
Project("{9A19103F-16F7-4668-BE54-9A1E7A4F7556}") = "ProgramEngineering", "ProgramEngineering\ProgramEngineering.csproj", "{FED9D096-F764-4FE6-9AA3-76BB738AFDC6}"
EndProject
Project("{E53339B2-1760-4266-BCC7-CA923CBCF16C}") = "docker-compose", "docker-compose.dcproj", "{F6CAD8A6-E542-4E32-BB3F-1242687EB41A}"
EndProject
Global
	GlobalSection(SolutionConfigurationPlatforms) = preSolution
		Debug|Any CPU = Debug|Any CPU
		Release|Any CPU = Release|Any CPU
	EndGlobalSection
	GlobalSection(ProjectConfigurationPlatforms) = postSolution
		{FED9D096-F764-4FE6-9AA3-76BB738AFDC6}.Debug|Any CPU.ActiveCfg = Debug|Any CPU
		{FED9D096-F764-4FE6-9AA3-76BB738AFDC6}.Debug|Any CPU.Build.0 = Debug|Any CPU
		{FED9D096-F764-4FE6-9AA3-76BB738AFDC6}.Release|Any CPU.ActiveCfg = Release|Any CPU
		{FED9D096-F764-4FE6-9AA3-76BB738AFDC6}.Release|Any CPU.Build.0 = Release|Any CPU
		{F6CAD8A6-E542-4E32-BB3F-1242687EB41A}.Debug|Any CPU.ActiveCfg = Debug|Any CPU
		{F6CAD8A6-E542-4E32-BB3F-1242687EB41A}.Debug|Any CPU.Build.0 = Debug|Any CPU
		{F6CAD8A6-E542-4E32-BB3F-1242687EB41A}.Release|Any CPU.ActiveCfg = Release|Any CPU
		{F6CAD8A6-E542-4E32-BB3F-1242687EB41A}.Release|Any CPU.Build.0 = Release|Any CPU
	EndGlobalSection
	GlobalSection(SolutionProperties) = preSolution
		HideSolutionNode = FALSE
	EndGlobalSection
	GlobalSection(ExtensibilityGlobals) = postSolution
		SolutionGuid = {8DC9B9DD-B16D-4D5F-8BDB-EA2117BE71F7}
	EndGlobalSection
EndGlobal
